// !$*UTF8*$!
{
	archiveVersion = 1;
	classes = {
	};
	objectVersion = 55;
	objects = {

/* Begin PBXBuildFile section */
		0A18562729487397002952B1 /* Vasek.ttf in Resources */ = {isa = PBXBuildFile; fileRef = 0A18562629487397002952B1 /* Vasek.ttf */; };
		0A3CA826293E4F2000EDBFF9 /* AppDelegate.swift in Sources */ = {isa = PBXBuildFile; fileRef = 0A3CA825293E4F2000EDBFF9 /* AppDelegate.swift */; };
		0A3CA82A293E4F2000EDBFF9 /* ViewController.swift in Sources */ = {isa = PBXBuildFile; fileRef = 0A3CA829293E4F2000EDBFF9 /* ViewController.swift */; };
		0A3CA830293E4F2000EDBFF9 /* AppForHealth.xcdatamodeld in Sources */ = {isa = PBXBuildFile; fileRef = 0A3CA82E293E4F2000EDBFF9 /* AppForHealth.xcdatamodeld */; };
		0A3CA832293E4F2400EDBFF9 /* Assets.xcassets in Resources */ = {isa = PBXBuildFile; fileRef = 0A3CA831293E4F2400EDBFF9 /* Assets.xcassets */; };
		0A3CA835293E4F2400EDBFF9 /* LaunchScreen.storyboard in Resources */ = {isa = PBXBuildFile; fileRef = 0A3CA833293E4F2400EDBFF9 /* LaunchScreen.storyboard */; };
		0A3CA840293E4F2400EDBFF9 /* AppForHealthTests.swift in Sources */ = {isa = PBXBuildFile; fileRef = 0A3CA83F293E4F2400EDBFF9 /* AppForHealthTests.swift */; };
		0A3CA84A293E4F2400EDBFF9 /* AppForHealthUITests.swift in Sources */ = {isa = PBXBuildFile; fileRef = 0A3CA849293E4F2400EDBFF9 /* AppForHealthUITests.swift */; };
		0A3CA84C293E4F2400EDBFF9 /* AppForHealthUITestsLaunchTests.swift in Sources */ = {isa = PBXBuildFile; fileRef = 0A3CA84B293E4F2400EDBFF9 /* AppForHealthUITestsLaunchTests.swift */; };
		0A3CA859293E5C7500EDBFF9 /* SplashScreenPresenter.swift in Sources */ = {isa = PBXBuildFile; fileRef = 0A3CA858293E5C7500EDBFF9 /* SplashScreenPresenter.swift */; };
		0A3CA85B293E61D900EDBFF9 /* LaunchScreen.swift in Sources */ = {isa = PBXBuildFile; fileRef = 0A3CA85A293E61D900EDBFF9 /* LaunchScreen.swift */; };
		0A7D6BB7294E685D00E50542 /* FirebaseService.swift in Sources */ = {isa = PBXBuildFile; fileRef = 0A7D6BB6294E685D00E50542 /* FirebaseService.swift */; };
		0A7D6BBA294E80AE00E50542 /* ParametrsVC.swift in Sources */ = {isa = PBXBuildFile; fileRef = 0A7D6BB9294E80AE00E50542 /* ParametrsVC.swift */; };
		0A7D6BBC294E812300E50542 /* ParametrsPresenter.swift in Sources */ = {isa = PBXBuildFile; fileRef = 0A7D6BBB294E812300E50542 /* ParametrsPresenter.swift */; };
		0A7D6BBE294E821A00E50542 /* ParametrsRouter.swift in Sources */ = {isa = PBXBuildFile; fileRef = 0A7D6BBD294E821A00E50542 /* ParametrsRouter.swift */; };
		0A7D6BC0294E829800E50542 /* ParametrsInteractor.swift in Sources */ = {isa = PBXBuildFile; fileRef = 0A7D6BBF294E829800E50542 /* ParametrsInteractor.swift */; };
		0A7D6BC2294E82F500E50542 /* ParametrsModuleBuilder.swift in Sources */ = {isa = PBXBuildFile; fileRef = 0A7D6BC1294E82F500E50542 /* ParametrsModuleBuilder.swift */; };
		0A7D6BC5294FD98500E50542 /* Person+CoreDataProperties copy.swift in Sources */ = {isa = PBXBuildFile; fileRef = 0A7D6BC3294FD98500E50542 /* Person+CoreDataProperties copy.swift */; };
		0A7D6BC6294FD98500E50542 /* Person+CoreDataClass copy.swift in Sources */ = {isa = PBXBuildFile; fileRef = 0A7D6BC4294FD98500E50542 /* Person+CoreDataClass copy.swift */; };
		0A7D6BC8294FDC9D00E50542 /* CoreDataManager.swift in Sources */ = {isa = PBXBuildFile; fileRef = 0A7D6BC7294FDC9D00E50542 /* CoreDataManager.swift */; };
		0A7D6BCB294FE24700E50542 /* ResultVC.swift in Sources */ = {isa = PBXBuildFile; fileRef = 0A7D6BCA294FE24700E50542 /* ResultVC.swift */; };
		0A7D6BCD294FE2D600E50542 /* ResultPresenter.swift in Sources */ = {isa = PBXBuildFile; fileRef = 0A7D6BCC294FE2D600E50542 /* ResultPresenter.swift */; };
		0A7D6BCF294FE3CD00E50542 /* ResultRouter.swift in Sources */ = {isa = PBXBuildFile; fileRef = 0A7D6BCE294FE3CD00E50542 /* ResultRouter.swift */; };
		0A7D6BD1294FE45700E50542 /* ResultInteractor.swift in Sources */ = {isa = PBXBuildFile; fileRef = 0A7D6BD0294FE45700E50542 /* ResultInteractor.swift */; };
		0A7D6BD3294FE4B000E50542 /* ResultModuleBuilder.swift in Sources */ = {isa = PBXBuildFile; fileRef = 0A7D6BD2294FE4B000E50542 /* ResultModuleBuilder.swift */; };
		0A7F0BCB296B511900327875 /* WaterVC.swift in Sources */ = {isa = PBXBuildFile; fileRef = 0A7F0BCA296B511900327875 /* WaterVC.swift */; };
		0A7F0BCD296B522600327875 /* WaterPresenter.swift in Sources */ = {isa = PBXBuildFile; fileRef = 0A7F0BCC296B522600327875 /* WaterPresenter.swift */; };
		0A7F0BCF296B52FE00327875 /* WaterRouter.swift in Sources */ = {isa = PBXBuildFile; fileRef = 0A7F0BCE296B52FE00327875 /* WaterRouter.swift */; };
		0A7F0BD1296B536300327875 /* WaterInteractor.swift in Sources */ = {isa = PBXBuildFile; fileRef = 0A7F0BD0296B536300327875 /* WaterInteractor.swift */; };
		0A7F0BD3296B53C300327875 /* WaterModuleBuilder.swift in Sources */ = {isa = PBXBuildFile; fileRef = 0A7F0BD2296B53C300327875 /* WaterModuleBuilder.swift */; };
		0A9F2AB3294A044C004662F7 /* AuthorizationPresenter.swift in Sources */ = {isa = PBXBuildFile; fileRef = 0A9F2AB2294A044C004662F7 /* AuthorizationPresenter.swift */; };
		0A9F2AB5294A05C7004662F7 /* AuthorizationRouter.swift in Sources */ = {isa = PBXBuildFile; fileRef = 0A9F2AB4294A05C7004662F7 /* AuthorizationRouter.swift */; };
		0A9F2AB7294A0638004662F7 /* AuthorizationInteractor.swift in Sources */ = {isa = PBXBuildFile; fileRef = 0A9F2AB6294A0638004662F7 /* AuthorizationInteractor.swift */; };
		0A9F2AB9294A06D4004662F7 /* AuthorizationModuleBuilder.swift in Sources */ = {isa = PBXBuildFile; fileRef = 0A9F2AB8294A06D4004662F7 /* AuthorizationModuleBuilder.swift */; };
		0A9F2ABB294A0DA2004662F7 /* SceneDelegate.swift in Sources */ = {isa = PBXBuildFile; fileRef = 0A9F2ABA294A0DA2004662F7 /* SceneDelegate.swift */; };
		0A9F2ABE294A6963004662F7 /* ConstrainsOfAuth.swift in Sources */ = {isa = PBXBuildFile; fileRef = 0A9F2ABD294A6963004662F7 /* ConstrainsOfAuth.swift */; };
		0A9F2AC0294A6FBE004662F7 /* GoogleService-Info.plist in Resources */ = {isa = PBXBuildFile; fileRef = 0A9F2ABF294A6FBE004662F7 /* GoogleService-Info.plist */; };
		0AC71116295D268900BD18EA /* ModelOfDataForCollectionViewRecipes.swift in Sources */ = {isa = PBXBuildFile; fileRef = 0AC71115295D268900BD18EA /* ModelOfDataForCollectionViewRecipes.swift */; };
		0AC71118295D274C00BD18EA /* MyCollectionViewCellForRecipes.swift in Sources */ = {isa = PBXBuildFile; fileRef = 0AC71117295D274C00BD18EA /* MyCollectionViewCellForRecipes.swift */; };
		0AC7111A295D2B0D00BD18EA /* HelperForRecipes.swift in Sources */ = {isa = PBXBuildFile; fileRef = 0AC71119295D2B0D00BD18EA /* HelperForRecipes.swift */; };
		0AD0613F295BC62C00B67453 /* Helper.swift in Sources */ = {isa = PBXBuildFile; fileRef = 0AD0613E295BC62C00B67453 /* Helper.swift */; };
		0AD06141295BC67C00B67453 /* MyCollectionViewCell.swift in Sources */ = {isa = PBXBuildFile; fileRef = 0AD06140295BC67C00B67453 /* MyCollectionViewCell.swift */; };
		0AD06143295BC6B500B67453 /* ModelOfDataForCollectionView.swift in Sources */ = {isa = PBXBuildFile; fileRef = 0AD06142295BC6B500B67453 /* ModelOfDataForCollectionView.swift */; };
		0AD06146295BED9E00B67453 /* RecipesVC.swift in Sources */ = {isa = PBXBuildFile; fileRef = 0AD06145295BED9E00B67453 /* RecipesVC.swift */; };
		0AD06148295BEE1B00B67453 /* RecipesPresenter.swift in Sources */ = {isa = PBXBuildFile; fileRef = 0AD06147295BEE1B00B67453 /* RecipesPresenter.swift */; };
		0AD0614A295BEEB400B67453 /* RecipesRouter.swift in Sources */ = {isa = PBXBuildFile; fileRef = 0AD06149295BEEB400B67453 /* RecipesRouter.swift */; };
		0AD0614C295BEF0F00B67453 /* RecipesInteractor.swift in Sources */ = {isa = PBXBuildFile; fileRef = 0AD0614B295BEF0F00B67453 /* RecipesInteractor.swift */; };
		0AD0614E295BEF8600B67453 /* RecipesModuleBuilder.swift in Sources */ = {isa = PBXBuildFile; fileRef = 0AD0614D295BEF8600B67453 /* RecipesModuleBuilder.swift */; };
		0AD06150295CB5CC00B67453 /* ApiManager.swift in Sources */ = {isa = PBXBuildFile; fileRef = 0AD0614F295CB5CC00B67453 /* ApiManager.swift */; };
		0AD06154295CC86C00B67453 /* Recipes.swift in Sources */ = {isa = PBXBuildFile; fileRef = 0AD06153295CC86C00B67453 /* Recipes.swift */; };
		0AE52FBF294AA77F00915663 /* MainViewController.swift in Sources */ = {isa = PBXBuildFile; fileRef = 0AE52FBE294AA77F00915663 /* MainViewController.swift */; };
		0AE52FC1294AA82D00915663 /* MainPresenter.swift in Sources */ = {isa = PBXBuildFile; fileRef = 0AE52FC0294AA82D00915663 /* MainPresenter.swift */; };
		0AE52FC3294AA8ED00915663 /* MainRouter.swift in Sources */ = {isa = PBXBuildFile; fileRef = 0AE52FC2294AA8ED00915663 /* MainRouter.swift */; };
		0AE52FC5294AA94100915663 /* MainInteractor.swift in Sources */ = {isa = PBXBuildFile; fileRef = 0AE52FC4294AA94100915663 /* MainInteractor.swift */; };
		0AE52FC7294AA9A400915663 /* MainModuleBuilder.swift in Sources */ = {isa = PBXBuildFile; fileRef = 0AE52FC6294AA9A400915663 /* MainModuleBuilder.swift */; };
		0AE52FCC294BBF6100915663 /* OnboardVC.swift in Sources */ = {isa = PBXBuildFile; fileRef = 0AE52FCB294BBF6100915663 /* OnboardVC.swift */; };
		0AE52FCE294BBFF700915663 /* OnboardPresenter.swift in Sources */ = {isa = PBXBuildFile; fileRef = 0AE52FCD294BBFF600915663 /* OnboardPresenter.swift */; };
		0AE52FD0294BC0C800915663 /* OnboardRouter.swift in Sources */ = {isa = PBXBuildFile; fileRef = 0AE52FCF294BC0C800915663 /* OnboardRouter.swift */; };
		0AE52FD2294BC18500915663 /* OnboardInteractor.swift in Sources */ = {isa = PBXBuildFile; fileRef = 0AE52FD1294BC18500915663 /* OnboardInteractor.swift */; };
		0AE52FD4294BC1D900915663 /* OnboardModuleBuilder.swift in Sources */ = {isa = PBXBuildFile; fileRef = 0AE52FD3294BC1D900915663 /* OnboardModuleBuilder.swift */; };
		0AE52FD6294BF5B400915663 /* CustomSpinnerSimple.swift in Sources */ = {isa = PBXBuildFile; fileRef = 0AE52FD5294BF5B400915663 /* CustomSpinnerSimple.swift */; };
		873FB1C00AB4FCEF6C124B11 /* Pods_AppForHealthTests.framework in Frameworks */ = {isa = PBXBuildFile; fileRef = 08FCCA7B659D762DFD917AEC /* Pods_AppForHealthTests.framework */; };
		D5E96362C538A9274E0B4CDB /* Pods_AppForHealth.framework in Frameworks */ = {isa = PBXBuildFile; fileRef = 1BCC83C9D36D85CF64FC79E7 /* Pods_AppForHealth.framework */; };
		E3F32F105365E13A1AD7AF3C /* Pods_AppForHealth_AppForHealthUITests.framework in Frameworks */ = {isa = PBXBuildFile; fileRef = 839626AEFDBE78781DF064C8 /* Pods_AppForHealth_AppForHealthUITests.framework */; };
/* End PBXBuildFile section */

/* Begin PBXContainerItemProxy section */
		0A3CA83C293E4F2400EDBFF9 /* PBXContainerItemProxy */ = {
			isa = PBXContainerItemProxy;
			containerPortal = 0A3CA81A293E4F2000EDBFF9 /* Project object */;
			proxyType = 1;
			remoteGlobalIDString = 0A3CA821293E4F2000EDBFF9;
			remoteInfo = AppForHealth;
		};
		0A3CA846293E4F2400EDBFF9 /* PBXContainerItemProxy */ = {
			isa = PBXContainerItemProxy;
			containerPortal = 0A3CA81A293E4F2000EDBFF9 /* Project object */;
			proxyType = 1;
			remoteGlobalIDString = 0A3CA821293E4F2000EDBFF9;
			remoteInfo = AppForHealth;
		};
/* End PBXContainerItemProxy section */

/* Begin PBXFileReference section */
		08FCCA7B659D762DFD917AEC /* Pods_AppForHealthTests.framework */ = {isa = PBXFileReference; explicitFileType = wrapper.framework; includeInIndex = 0; path = Pods_AppForHealthTests.framework; sourceTree = BUILT_PRODUCTS_DIR; };
		0A18562629487397002952B1 /* Vasek.ttf */ = {isa = PBXFileReference; lastKnownFileType = file; path = Vasek.ttf; sourceTree = "<group>"; };
		0A3CA822293E4F2000EDBFF9 /* AppForHealth.app */ = {isa = PBXFileReference; explicitFileType = wrapper.application; includeInIndex = 0; path = AppForHealth.app; sourceTree = BUILT_PRODUCTS_DIR; };
		0A3CA825293E4F2000EDBFF9 /* AppDelegate.swift */ = {isa = PBXFileReference; lastKnownFileType = sourcecode.swift; path = AppDelegate.swift; sourceTree = "<group>"; };
		0A3CA829293E4F2000EDBFF9 /* ViewController.swift */ = {isa = PBXFileReference; lastKnownFileType = sourcecode.swift; path = ViewController.swift; sourceTree = "<group>"; };
		0A3CA82F293E4F2000EDBFF9 /* AppForHealth.xcdatamodel */ = {isa = PBXFileReference; lastKnownFileType = wrapper.xcdatamodel; path = AppForHealth.xcdatamodel; sourceTree = "<group>"; };
		0A3CA831293E4F2400EDBFF9 /* Assets.xcassets */ = {isa = PBXFileReference; lastKnownFileType = folder.assetcatalog; path = Assets.xcassets; sourceTree = "<group>"; };
		0A3CA834293E4F2400EDBFF9 /* Base */ = {isa = PBXFileReference; lastKnownFileType = file.storyboard; name = Base; path = Base.lproj/LaunchScreen.storyboard; sourceTree = "<group>"; };
		0A3CA836293E4F2400EDBFF9 /* Info.plist */ = {isa = PBXFileReference; lastKnownFileType = text.plist.xml; path = Info.plist; sourceTree = "<group>"; };
		0A3CA83B293E4F2400EDBFF9 /* AppForHealthTests.xctest */ = {isa = PBXFileReference; explicitFileType = wrapper.cfbundle; includeInIndex = 0; path = AppForHealthTests.xctest; sourceTree = BUILT_PRODUCTS_DIR; };
		0A3CA83F293E4F2400EDBFF9 /* AppForHealthTests.swift */ = {isa = PBXFileReference; lastKnownFileType = sourcecode.swift; path = AppForHealthTests.swift; sourceTree = "<group>"; };
		0A3CA845293E4F2400EDBFF9 /* AppForHealthUITests.xctest */ = {isa = PBXFileReference; explicitFileType = wrapper.cfbundle; includeInIndex = 0; path = AppForHealthUITests.xctest; sourceTree = BUILT_PRODUCTS_DIR; };
		0A3CA849293E4F2400EDBFF9 /* AppForHealthUITests.swift */ = {isa = PBXFileReference; lastKnownFileType = sourcecode.swift; path = AppForHealthUITests.swift; sourceTree = "<group>"; };
		0A3CA84B293E4F2400EDBFF9 /* AppForHealthUITestsLaunchTests.swift */ = {isa = PBXFileReference; lastKnownFileType = sourcecode.swift; path = AppForHealthUITestsLaunchTests.swift; sourceTree = "<group>"; };
		0A3CA858293E5C7500EDBFF9 /* SplashScreenPresenter.swift */ = {isa = PBXFileReference; lastKnownFileType = sourcecode.swift; path = SplashScreenPresenter.swift; sourceTree = "<group>"; };
		0A3CA85A293E61D900EDBFF9 /* LaunchScreen.swift */ = {isa = PBXFileReference; lastKnownFileType = sourcecode.swift; path = LaunchScreen.swift; sourceTree = "<group>"; };
		0A7D6BB6294E685D00E50542 /* FirebaseService.swift */ = {isa = PBXFileReference; lastKnownFileType = sourcecode.swift; path = FirebaseService.swift; sourceTree = "<group>"; };
		0A7D6BB9294E80AE00E50542 /* ParametrsVC.swift */ = {isa = PBXFileReference; lastKnownFileType = sourcecode.swift; path = ParametrsVC.swift; sourceTree = "<group>"; };
		0A7D6BBB294E812300E50542 /* ParametrsPresenter.swift */ = {isa = PBXFileReference; lastKnownFileType = sourcecode.swift; path = ParametrsPresenter.swift; sourceTree = "<group>"; };
		0A7D6BBD294E821A00E50542 /* ParametrsRouter.swift */ = {isa = PBXFileReference; lastKnownFileType = sourcecode.swift; path = ParametrsRouter.swift; sourceTree = "<group>"; };
		0A7D6BBF294E829800E50542 /* ParametrsInteractor.swift */ = {isa = PBXFileReference; lastKnownFileType = sourcecode.swift; path = ParametrsInteractor.swift; sourceTree = "<group>"; };
		0A7D6BC1294E82F500E50542 /* ParametrsModuleBuilder.swift */ = {isa = PBXFileReference; lastKnownFileType = sourcecode.swift; path = ParametrsModuleBuilder.swift; sourceTree = "<group>"; };
		0A7D6BC3294FD98500E50542 /* Person+CoreDataProperties copy.swift */ = {isa = PBXFileReference; fileEncoding = 4; lastKnownFileType = sourcecode.swift; path = "Person+CoreDataProperties copy.swift"; sourceTree = "<group>"; };
		0A7D6BC4294FD98500E50542 /* Person+CoreDataClass copy.swift */ = {isa = PBXFileReference; fileEncoding = 4; lastKnownFileType = sourcecode.swift; path = "Person+CoreDataClass copy.swift"; sourceTree = "<group>"; };
		0A7D6BC7294FDC9D00E50542 /* CoreDataManager.swift */ = {isa = PBXFileReference; lastKnownFileType = sourcecode.swift; path = CoreDataManager.swift; sourceTree = "<group>"; };
		0A7D6BCA294FE24700E50542 /* ResultVC.swift */ = {isa = PBXFileReference; lastKnownFileType = sourcecode.swift; path = ResultVC.swift; sourceTree = "<group>"; };
		0A7D6BCC294FE2D600E50542 /* ResultPresenter.swift */ = {isa = PBXFileReference; lastKnownFileType = sourcecode.swift; path = ResultPresenter.swift; sourceTree = "<group>"; };
		0A7D6BCE294FE3CD00E50542 /* ResultRouter.swift */ = {isa = PBXFileReference; lastKnownFileType = sourcecode.swift; path = ResultRouter.swift; sourceTree = "<group>"; };
		0A7D6BD0294FE45700E50542 /* ResultInteractor.swift */ = {isa = PBXFileReference; lastKnownFileType = sourcecode.swift; path = ResultInteractor.swift; sourceTree = "<group>"; };
		0A7D6BD2294FE4B000E50542 /* ResultModuleBuilder.swift */ = {isa = PBXFileReference; lastKnownFileType = sourcecode.swift; path = ResultModuleBuilder.swift; sourceTree = "<group>"; };
		0A7F0BCA296B511900327875 /* WaterVC.swift */ = {isa = PBXFileReference; lastKnownFileType = sourcecode.swift; path = WaterVC.swift; sourceTree = "<group>"; };
		0A7F0BCC296B522600327875 /* WaterPresenter.swift */ = {isa = PBXFileReference; lastKnownFileType = sourcecode.swift; path = WaterPresenter.swift; sourceTree = "<group>"; };
		0A7F0BCE296B52FE00327875 /* WaterRouter.swift */ = {isa = PBXFileReference; lastKnownFileType = sourcecode.swift; path = WaterRouter.swift; sourceTree = "<group>"; };
		0A7F0BD0296B536300327875 /* WaterInteractor.swift */ = {isa = PBXFileReference; lastKnownFileType = sourcecode.swift; path = WaterInteractor.swift; sourceTree = "<group>"; };
		0A7F0BD2296B53C300327875 /* WaterModuleBuilder.swift */ = {isa = PBXFileReference; lastKnownFileType = sourcecode.swift; path = WaterModuleBuilder.swift; sourceTree = "<group>"; };
		0A9F2AB2294A044C004662F7 /* AuthorizationPresenter.swift */ = {isa = PBXFileReference; lastKnownFileType = sourcecode.swift; path = AuthorizationPresenter.swift; sourceTree = "<group>"; };
		0A9F2AB4294A05C7004662F7 /* AuthorizationRouter.swift */ = {isa = PBXFileReference; lastKnownFileType = sourcecode.swift; path = AuthorizationRouter.swift; sourceTree = "<group>"; };
		0A9F2AB6294A0638004662F7 /* AuthorizationInteractor.swift */ = {isa = PBXFileReference; lastKnownFileType = sourcecode.swift; path = AuthorizationInteractor.swift; sourceTree = "<group>"; };
		0A9F2AB8294A06D4004662F7 /* AuthorizationModuleBuilder.swift */ = {isa = PBXFileReference; lastKnownFileType = sourcecode.swift; path = AuthorizationModuleBuilder.swift; sourceTree = "<group>"; };
		0A9F2ABA294A0DA2004662F7 /* SceneDelegate.swift */ = {isa = PBXFileReference; lastKnownFileType = sourcecode.swift; path = SceneDelegate.swift; sourceTree = "<group>"; };
		0A9F2ABD294A6963004662F7 /* ConstrainsOfAuth.swift */ = {isa = PBXFileReference; lastKnownFileType = sourcecode.swift; path = ConstrainsOfAuth.swift; sourceTree = "<group>"; };
		0A9F2ABF294A6FBE004662F7 /* GoogleService-Info.plist */ = {isa = PBXFileReference; fileEncoding = 4; lastKnownFileType = text.plist.xml; path = "GoogleService-Info.plist"; sourceTree = "<group>"; };
		0AC71115295D268900BD18EA /* ModelOfDataForCollectionViewRecipes.swift */ = {isa = PBXFileReference; lastKnownFileType = sourcecode.swift; path = ModelOfDataForCollectionViewRecipes.swift; sourceTree = "<group>"; };
		0AC71117295D274C00BD18EA /* MyCollectionViewCellForRecipes.swift */ = {isa = PBXFileReference; lastKnownFileType = sourcecode.swift; path = MyCollectionViewCellForRecipes.swift; sourceTree = "<group>"; };
		0AC71119295D2B0D00BD18EA /* HelperForRecipes.swift */ = {isa = PBXFileReference; lastKnownFileType = sourcecode.swift; path = HelperForRecipes.swift; sourceTree = "<group>"; };
		0AD0613E295BC62C00B67453 /* Helper.swift */ = {isa = PBXFileReference; lastKnownFileType = sourcecode.swift; path = Helper.swift; sourceTree = "<group>"; };
		0AD06140295BC67C00B67453 /* MyCollectionViewCell.swift */ = {isa = PBXFileReference; lastKnownFileType = sourcecode.swift; path = MyCollectionViewCell.swift; sourceTree = "<group>"; };
		0AD06142295BC6B500B67453 /* ModelOfDataForCollectionView.swift */ = {isa = PBXFileReference; lastKnownFileType = sourcecode.swift; path = ModelOfDataForCollectionView.swift; sourceTree = "<group>"; };
		0AD06145295BED9E00B67453 /* RecipesVC.swift */ = {isa = PBXFileReference; lastKnownFileType = sourcecode.swift; path = RecipesVC.swift; sourceTree = "<group>"; };
		0AD06147295BEE1B00B67453 /* RecipesPresenter.swift */ = {isa = PBXFileReference; lastKnownFileType = sourcecode.swift; path = RecipesPresenter.swift; sourceTree = "<group>"; };
		0AD06149295BEEB400B67453 /* RecipesRouter.swift */ = {isa = PBXFileReference; lastKnownFileType = sourcecode.swift; path = RecipesRouter.swift; sourceTree = "<group>"; };
		0AD0614B295BEF0F00B67453 /* RecipesInteractor.swift */ = {isa = PBXFileReference; lastKnownFileType = sourcecode.swift; path = RecipesInteractor.swift; sourceTree = "<group>"; };
		0AD0614D295BEF8600B67453 /* RecipesModuleBuilder.swift */ = {isa = PBXFileReference; lastKnownFileType = sourcecode.swift; path = RecipesModuleBuilder.swift; sourceTree = "<group>"; };
		0AD0614F295CB5CC00B67453 /* ApiManager.swift */ = {isa = PBXFileReference; lastKnownFileType = sourcecode.swift; path = ApiManager.swift; sourceTree = "<group>"; };
		0AD06153295CC86C00B67453 /* Recipes.swift */ = {isa = PBXFileReference; lastKnownFileType = sourcecode.swift; path = Recipes.swift; sourceTree = "<group>"; };
		0AE52FBE294AA77F00915663 /* MainViewController.swift */ = {isa = PBXFileReference; lastKnownFileType = sourcecode.swift; path = MainViewController.swift; sourceTree = "<group>"; };
		0AE52FC0294AA82D00915663 /* MainPresenter.swift */ = {isa = PBXFileReference; lastKnownFileType = sourcecode.swift; path = MainPresenter.swift; sourceTree = "<group>"; };
		0AE52FC2294AA8ED00915663 /* MainRouter.swift */ = {isa = PBXFileReference; lastKnownFileType = sourcecode.swift; path = MainRouter.swift; sourceTree = "<group>"; };
		0AE52FC4294AA94100915663 /* MainInteractor.swift */ = {isa = PBXFileReference; lastKnownFileType = sourcecode.swift; path = MainInteractor.swift; sourceTree = "<group>"; };
		0AE52FC6294AA9A400915663 /* MainModuleBuilder.swift */ = {isa = PBXFileReference; lastKnownFileType = sourcecode.swift; path = MainModuleBuilder.swift; sourceTree = "<group>"; };
		0AE52FCB294BBF6100915663 /* OnboardVC.swift */ = {isa = PBXFileReference; lastKnownFileType = sourcecode.swift; path = OnboardVC.swift; sourceTree = "<group>"; };
		0AE52FCD294BBFF600915663 /* OnboardPresenter.swift */ = {isa = PBXFileReference; lastKnownFileType = sourcecode.swift; path = OnboardPresenter.swift; sourceTree = "<group>"; };
		0AE52FCF294BC0C800915663 /* OnboardRouter.swift */ = {isa = PBXFileReference; lastKnownFileType = sourcecode.swift; path = OnboardRouter.swift; sourceTree = "<group>"; };
		0AE52FD1294BC18500915663 /* OnboardInteractor.swift */ = {isa = PBXFileReference; lastKnownFileType = sourcecode.swift; path = OnboardInteractor.swift; sourceTree = "<group>"; };
		0AE52FD3294BC1D900915663 /* OnboardModuleBuilder.swift */ = {isa = PBXFileReference; lastKnownFileType = sourcecode.swift; path = OnboardModuleBuilder.swift; sourceTree = "<group>"; };
		0AE52FD5294BF5B400915663 /* CustomSpinnerSimple.swift */ = {isa = PBXFileReference; lastKnownFileType = sourcecode.swift; path = CustomSpinnerSimple.swift; sourceTree = "<group>"; };
		1BCC83C9D36D85CF64FC79E7 /* Pods_AppForHealth.framework */ = {isa = PBXFileReference; explicitFileType = wrapper.framework; includeInIndex = 0; path = Pods_AppForHealth.framework; sourceTree = BUILT_PRODUCTS_DIR; };
		1D055843ED750425997FC767 /* Pods-AppForHealthTests.debug.xcconfig */ = {isa = PBXFileReference; includeInIndex = 1; lastKnownFileType = text.xcconfig; name = "Pods-AppForHealthTests.debug.xcconfig"; path = "Target Support Files/Pods-AppForHealthTests/Pods-AppForHealthTests.debug.xcconfig"; sourceTree = "<group>"; };
		839626AEFDBE78781DF064C8 /* Pods_AppForHealth_AppForHealthUITests.framework */ = {isa = PBXFileReference; explicitFileType = wrapper.framework; includeInIndex = 0; path = Pods_AppForHealth_AppForHealthUITests.framework; sourceTree = BUILT_PRODUCTS_DIR; };
		96254A004F569A0DA488D036 /* Pods-AppForHealth-AppForHealthUITests.release.xcconfig */ = {isa = PBXFileReference; includeInIndex = 1; lastKnownFileType = text.xcconfig; name = "Pods-AppForHealth-AppForHealthUITests.release.xcconfig"; path = "Target Support Files/Pods-AppForHealth-AppForHealthUITests/Pods-AppForHealth-AppForHealthUITests.release.xcconfig"; sourceTree = "<group>"; };
		A02CE76BA4931A2F44913A4F /* Pods-AppForHealth.debug.xcconfig */ = {isa = PBXFileReference; includeInIndex = 1; lastKnownFileType = text.xcconfig; name = "Pods-AppForHealth.debug.xcconfig"; path = "Target Support Files/Pods-AppForHealth/Pods-AppForHealth.debug.xcconfig"; sourceTree = "<group>"; };
		A37B2CD12A7A4A21200C0A74 /* Pods-AppForHealthTests.release.xcconfig */ = {isa = PBXFileReference; includeInIndex = 1; lastKnownFileType = text.xcconfig; name = "Pods-AppForHealthTests.release.xcconfig"; path = "Target Support Files/Pods-AppForHealthTests/Pods-AppForHealthTests.release.xcconfig"; sourceTree = "<group>"; };
		A41FAD467BC8544E13110F3E /* Pods-AppForHealth.release.xcconfig */ = {isa = PBXFileReference; includeInIndex = 1; lastKnownFileType = text.xcconfig; name = "Pods-AppForHealth.release.xcconfig"; path = "Target Support Files/Pods-AppForHealth/Pods-AppForHealth.release.xcconfig"; sourceTree = "<group>"; };
		DD1D91AF85E98F3A6B8E8992 /* Pods-AppForHealth-AppForHealthUITests.debug.xcconfig */ = {isa = PBXFileReference; includeInIndex = 1; lastKnownFileType = text.xcconfig; name = "Pods-AppForHealth-AppForHealthUITests.debug.xcconfig"; path = "Target Support Files/Pods-AppForHealth-AppForHealthUITests/Pods-AppForHealth-AppForHealthUITests.debug.xcconfig"; sourceTree = "<group>"; };
/* End PBXFileReference section */

/* Begin PBXFrameworksBuildPhase section */
		0A3CA81F293E4F2000EDBFF9 /* Frameworks */ = {
			isa = PBXFrameworksBuildPhase;
			buildActionMask = 2147483647;
			files = (
				D5E96362C538A9274E0B4CDB /* Pods_AppForHealth.framework in Frameworks */,
			);
			runOnlyForDeploymentPostprocessing = 0;
		};
		0A3CA838293E4F2400EDBFF9 /* Frameworks */ = {
			isa = PBXFrameworksBuildPhase;
			buildActionMask = 2147483647;
			files = (
				873FB1C00AB4FCEF6C124B11 /* Pods_AppForHealthTests.framework in Frameworks */,
			);
			runOnlyForDeploymentPostprocessing = 0;
		};
		0A3CA842293E4F2400EDBFF9 /* Frameworks */ = {
			isa = PBXFrameworksBuildPhase;
			buildActionMask = 2147483647;
			files = (
				E3F32F105365E13A1AD7AF3C /* Pods_AppForHealth_AppForHealthUITests.framework in Frameworks */,
			);
			runOnlyForDeploymentPostprocessing = 0;
		};
/* End PBXFrameworksBuildPhase section */

/* Begin PBXGroup section */
		0A0F0C1F2948AA4F00666ECF /* Application */ = {
			isa = PBXGroup;
			children = (
				0A3CA825293E4F2000EDBFF9 /* AppDelegate.swift */,
				0A9F2ABA294A0DA2004662F7 /* SceneDelegate.swift */,
			);
			path = Application;
			sourceTree = "<group>";
		};
		0A0F0C202948AA7200666ECF /* Resources */ = {
			isa = PBXGroup;
			children = (
				0A3CA831293E4F2400EDBFF9 /* Assets.xcassets */,
				0A3CA833293E4F2400EDBFF9 /* LaunchScreen.storyboard */,
				0A3CA836293E4F2400EDBFF9 /* Info.plist */,
				0A9F2ABF294A6FBE004662F7 /* GoogleService-Info.plist */,
			);
			path = Resources;
			sourceTree = "<group>";
		};
		0A0F0C212948AC6300666ECF /* API */ = {
			isa = PBXGroup;
			children = (
				0AD06152295CB60E00B67453 /* Models */,
				0AD06151295CB60200B67453 /* Services */,
			);
			path = API;
			sourceTree = "<group>";
		};
		0A0F0C222948ACD100666ECF /* Authorization */ = {
			isa = PBXGroup;
			children = (
				0A3CA829293E4F2000EDBFF9 /* ViewController.swift */,
				0A9F2AB2294A044C004662F7 /* AuthorizationPresenter.swift */,
				0A9F2AB4294A05C7004662F7 /* AuthorizationRouter.swift */,
				0A9F2AB6294A0638004662F7 /* AuthorizationInteractor.swift */,
				0A9F2AB8294A06D4004662F7 /* AuthorizationModuleBuilder.swift */,
			);
			path = Authorization;
			sourceTree = "<group>";
		};
		0A18562529487366002952B1 /* Fonts */ = {
			isa = PBXGroup;
			children = (
				0A18562629487397002952B1 /* Vasek.ttf */,
			);
			path = Fonts;
			sourceTree = "<group>";
		};
		0A3CA819293E4F2000EDBFF9 = {
			isa = PBXGroup;
			children = (
				0A7D6BC3294FD98500E50542 /* Person+CoreDataProperties copy.swift */,
				0A7D6BC4294FD98500E50542 /* Person+CoreDataClass copy.swift */,
				0A3CA824293E4F2000EDBFF9 /* AppForHealth */,
				0A3CA83E293E4F2400EDBFF9 /* AppForHealthTests */,
				0A3CA848293E4F2400EDBFF9 /* AppForHealthUITests */,
				0A3CA823293E4F2000EDBFF9 /* Products */,
				7902A4DF9CA030BC70A4662D /* Pods */,
				502379E0239CD279B8930721 /* Frameworks */,
			);
			sourceTree = "<group>";
		};
		0A3CA823293E4F2000EDBFF9 /* Products */ = {
			isa = PBXGroup;
			children = (
				0A3CA822293E4F2000EDBFF9 /* AppForHealth.app */,
				0A3CA83B293E4F2400EDBFF9 /* AppForHealthTests.xctest */,
				0A3CA845293E4F2400EDBFF9 /* AppForHealthUITests.xctest */,
			);
			name = Products;
			sourceTree = "<group>";
		};
		0A3CA824293E4F2000EDBFF9 /* AppForHealth */ = {
			isa = PBXGroup;
			children = (
				0A7F0BC9296B50F900327875 /* Water */,
				0AD06144295BED6700B67453 /* Recipes */,
				0A7D6BC9294FE22B00E50542 /* ResultScreen */,
				0A7D6BB8294E808500E50542 /* Parametrs */,
				0AE52FCA294BBF3700915663 /* OnBoardModule */,
				0AE52FBD294AA73F00915663 /* MainModule */,
				0A0F0C222948ACD100666ECF /* Authorization */,
				0A9F2ABC294A6946004662F7 /* Constrains */,
				0A0F0C212948AC6300666ECF /* API */,
				0A0F0C202948AA7200666ECF /* Resources */,
				0A0F0C1F2948AA4F00666ECF /* Application */,
				0A18562529487366002952B1 /* Fonts */,
				0A3CA858293E5C7500EDBFF9 /* SplashScreenPresenter.swift */,
				0A3CA85A293E61D900EDBFF9 /* LaunchScreen.swift */,
				0A3CA82E293E4F2000EDBFF9 /* AppForHealth.xcdatamodeld */,
				0AE52FD5294BF5B400915663 /* CustomSpinnerSimple.swift */,
				0A7D6BC7294FDC9D00E50542 /* CoreDataManager.swift */,
			);
			path = AppForHealth;
			sourceTree = "<group>";
		};
		0A3CA83E293E4F2400EDBFF9 /* AppForHealthTests */ = {
			isa = PBXGroup;
			children = (
				0A3CA83F293E4F2400EDBFF9 /* AppForHealthTests.swift */,
			);
			path = AppForHealthTests;
			sourceTree = "<group>";
		};
		0A3CA848293E4F2400EDBFF9 /* AppForHealthUITests */ = {
			isa = PBXGroup;
			children = (
				0A3CA849293E4F2400EDBFF9 /* AppForHealthUITests.swift */,
				0A3CA84B293E4F2400EDBFF9 /* AppForHealthUITestsLaunchTests.swift */,
			);
			path = AppForHealthUITests;
			sourceTree = "<group>";
		};
		0A7D6BB8294E808500E50542 /* Parametrs */ = {
			isa = PBXGroup;
			children = (
				0A7D6BB9294E80AE00E50542 /* ParametrsVC.swift */,
				0A7D6BBB294E812300E50542 /* ParametrsPresenter.swift */,
				0A7D6BBD294E821A00E50542 /* ParametrsRouter.swift */,
				0A7D6BBF294E829800E50542 /* ParametrsInteractor.swift */,
				0A7D6BC1294E82F500E50542 /* ParametrsModuleBuilder.swift */,
			);
			path = Parametrs;
			sourceTree = "<group>";
		};
		0A7D6BC9294FE22B00E50542 /* ResultScreen */ = {
			isa = PBXGroup;
			children = (
				0A7D6BCA294FE24700E50542 /* ResultVC.swift */,
				0A7D6BCC294FE2D600E50542 /* ResultPresenter.swift */,
				0A7D6BCE294FE3CD00E50542 /* ResultRouter.swift */,
				0A7D6BD0294FE45700E50542 /* ResultInteractor.swift */,
				0A7D6BD2294FE4B000E50542 /* ResultModuleBuilder.swift */,
			);
			path = ResultScreen;
			sourceTree = "<group>";
		};
		0A7F0BC9296B50F900327875 /* Water */ = {
			isa = PBXGroup;
			children = (
				0A7F0BCA296B511900327875 /* WaterVC.swift */,
				0A7F0BCC296B522600327875 /* WaterPresenter.swift */,
				0A7F0BCE296B52FE00327875 /* WaterRouter.swift */,
				0A7F0BD0296B536300327875 /* WaterInteractor.swift */,
				0A7F0BD2296B53C300327875 /* WaterModuleBuilder.swift */,
			);
			path = Water;
			sourceTree = "<group>";
		};
		0A9F2ABC294A6946004662F7 /* Constrains */ = {
			isa = PBXGroup;
			children = (
				0A9F2ABD294A6963004662F7 /* ConstrainsOfAuth.swift */,
			);
			path = Constrains;
			sourceTree = "<group>";
		};
		0AD06144295BED6700B67453 /* Recipes */ = {
			isa = PBXGroup;
			children = (
				0AD06145295BED9E00B67453 /* RecipesVC.swift */,
				0AD06147295BEE1B00B67453 /* RecipesPresenter.swift */,
				0AD06149295BEEB400B67453 /* RecipesRouter.swift */,
				0AD0614B295BEF0F00B67453 /* RecipesInteractor.swift */,
				0AD0614D295BEF8600B67453 /* RecipesModuleBuilder.swift */,
				0AC71115295D268900BD18EA /* ModelOfDataForCollectionViewRecipes.swift */,
				0AC71117295D274C00BD18EA /* MyCollectionViewCellForRecipes.swift */,
				0AC71119295D2B0D00BD18EA /* HelperForRecipes.swift */,
			);
			path = Recipes;
			sourceTree = "<group>";
		};
		0AD06151295CB60200B67453 /* Services */ = {
			isa = PBXGroup;
			children = (
				0A7D6BB6294E685D00E50542 /* FirebaseService.swift */,
				0AD0614F295CB5CC00B67453 /* ApiManager.swift */,
			);
			path = Services;
			sourceTree = "<group>";
		};
		0AD06152295CB60E00B67453 /* Models */ = {
			isa = PBXGroup;
			children = (
				0AD06153295CC86C00B67453 /* Recipes.swift */,
			);
			path = Models;
			sourceTree = "<group>";
		};
		0AE52FBD294AA73F00915663 /* MainModule */ = {
			isa = PBXGroup;
			children = (
				0AE52FBE294AA77F00915663 /* MainViewController.swift */,
				0AE52FC0294AA82D00915663 /* MainPresenter.swift */,
				0AE52FC2294AA8ED00915663 /* MainRouter.swift */,
				0AE52FC4294AA94100915663 /* MainInteractor.swift */,
				0AE52FC6294AA9A400915663 /* MainModuleBuilder.swift */,
				0AD0613E295BC62C00B67453 /* Helper.swift */,
				0AD06140295BC67C00B67453 /* MyCollectionViewCell.swift */,
				0AD06142295BC6B500B67453 /* ModelOfDataForCollectionView.swift */,
			);
			path = MainModule;
			sourceTree = "<group>";
		};
		0AE52FCA294BBF3700915663 /* OnBoardModule */ = {
			isa = PBXGroup;
			children = (
				0AE52FCB294BBF6100915663 /* OnboardVC.swift */,
				0AE52FCD294BBFF600915663 /* OnboardPresenter.swift */,
				0AE52FCF294BC0C800915663 /* OnboardRouter.swift */,
				0AE52FD1294BC18500915663 /* OnboardInteractor.swift */,
				0AE52FD3294BC1D900915663 /* OnboardModuleBuilder.swift */,
			);
			path = OnBoardModule;
			sourceTree = "<group>";
		};
		502379E0239CD279B8930721 /* Frameworks */ = {
			isa = PBXGroup;
			children = (
				1BCC83C9D36D85CF64FC79E7 /* Pods_AppForHealth.framework */,
				839626AEFDBE78781DF064C8 /* Pods_AppForHealth_AppForHealthUITests.framework */,
				08FCCA7B659D762DFD917AEC /* Pods_AppForHealthTests.framework */,
			);
			name = Frameworks;
			sourceTree = "<group>";
		};
		7902A4DF9CA030BC70A4662D /* Pods */ = {
			isa = PBXGroup;
			children = (
				A02CE76BA4931A2F44913A4F /* Pods-AppForHealth.debug.xcconfig */,
				A41FAD467BC8544E13110F3E /* Pods-AppForHealth.release.xcconfig */,
				DD1D91AF85E98F3A6B8E8992 /* Pods-AppForHealth-AppForHealthUITests.debug.xcconfig */,
				96254A004F569A0DA488D036 /* Pods-AppForHealth-AppForHealthUITests.release.xcconfig */,
				1D055843ED750425997FC767 /* Pods-AppForHealthTests.debug.xcconfig */,
				A37B2CD12A7A4A21200C0A74 /* Pods-AppForHealthTests.release.xcconfig */,
			);
			path = Pods;
			sourceTree = "<group>";
		};
/* End PBXGroup section */

/* Begin PBXNativeTarget section */
		0A3CA821293E4F2000EDBFF9 /* AppForHealth */ = {
			isa = PBXNativeTarget;
			buildConfigurationList = 0A3CA84F293E4F2400EDBFF9 /* Build configuration list for PBXNativeTarget "AppForHealth" */;
			buildPhases = (
				97D50E03E9B232209F1A2531 /* [CP] Check Pods Manifest.lock */,
				0A3CA81E293E4F2000EDBFF9 /* Sources */,
				0A3CA81F293E4F2000EDBFF9 /* Frameworks */,
				0A3CA820293E4F2000EDBFF9 /* Resources */,
				955C530338F344BCBC91B8EC /* [CP] Embed Pods Frameworks */,
			);
			buildRules = (
			);
			dependencies = (
			);
			name = AppForHealth;
			productName = AppForHealth;
			productReference = 0A3CA822293E4F2000EDBFF9 /* AppForHealth.app */;
			productType = "com.apple.product-type.application";
		};
		0A3CA83A293E4F2400EDBFF9 /* AppForHealthTests */ = {
			isa = PBXNativeTarget;
			buildConfigurationList = 0A3CA852293E4F2400EDBFF9 /* Build configuration list for PBXNativeTarget "AppForHealthTests" */;
			buildPhases = (
				E5E08DE03BC2672B3F0EF958 /* [CP] Check Pods Manifest.lock */,
				0A3CA837293E4F2400EDBFF9 /* Sources */,
				0A3CA838293E4F2400EDBFF9 /* Frameworks */,
				0A3CA839293E4F2400EDBFF9 /* Resources */,
			);
			buildRules = (
			);
			dependencies = (
				0A3CA83D293E4F2400EDBFF9 /* PBXTargetDependency */,
			);
			name = AppForHealthTests;
			productName = AppForHealthTests;
			productReference = 0A3CA83B293E4F2400EDBFF9 /* AppForHealthTests.xctest */;
			productType = "com.apple.product-type.bundle.unit-test";
		};
		0A3CA844293E4F2400EDBFF9 /* AppForHealthUITests */ = {
			isa = PBXNativeTarget;
			buildConfigurationList = 0A3CA855293E4F2400EDBFF9 /* Build configuration list for PBXNativeTarget "AppForHealthUITests" */;
			buildPhases = (
				76390396DDC4B67BEA81D0C8 /* [CP] Check Pods Manifest.lock */,
				0A3CA841293E4F2400EDBFF9 /* Sources */,
				0A3CA842293E4F2400EDBFF9 /* Frameworks */,
				0A3CA843293E4F2400EDBFF9 /* Resources */,
				E12820EF0BDDFA9E88EAC70C /* [CP] Embed Pods Frameworks */,
			);
			buildRules = (
			);
			dependencies = (
				0A3CA847293E4F2400EDBFF9 /* PBXTargetDependency */,
			);
			name = AppForHealthUITests;
			productName = AppForHealthUITests;
			productReference = 0A3CA845293E4F2400EDBFF9 /* AppForHealthUITests.xctest */;
			productType = "com.apple.product-type.bundle.ui-testing";
		};
/* End PBXNativeTarget section */

/* Begin PBXProject section */
		0A3CA81A293E4F2000EDBFF9 /* Project object */ = {
			isa = PBXProject;
			attributes = {
				BuildIndependentTargetsInParallel = 1;
				LastSwiftUpdateCheck = 1410;
				LastUpgradeCheck = 1410;
				TargetAttributes = {
					0A3CA821293E4F2000EDBFF9 = {
						CreatedOnToolsVersion = 14.1;
					};
					0A3CA83A293E4F2400EDBFF9 = {
						CreatedOnToolsVersion = 14.1;
						TestTargetID = 0A3CA821293E4F2000EDBFF9;
					};
					0A3CA844293E4F2400EDBFF9 = {
						CreatedOnToolsVersion = 14.1;
						TestTargetID = 0A3CA821293E4F2000EDBFF9;
					};
				};
			};
			buildConfigurationList = 0A3CA81D293E4F2000EDBFF9 /* Build configuration list for PBXProject "AppForHealth" */;
			compatibilityVersion = "Xcode 13.0";
			developmentRegion = en;
			hasScannedForEncodings = 0;
			knownRegions = (
				en,
				Base,
			);
			mainGroup = 0A3CA819293E4F2000EDBFF9;
			productRefGroup = 0A3CA823293E4F2000EDBFF9 /* Products */;
			projectDirPath = "";
			projectRoot = "";
			targets = (
				0A3CA821293E4F2000EDBFF9 /* AppForHealth */,
				0A3CA83A293E4F2400EDBFF9 /* AppForHealthTests */,
				0A3CA844293E4F2400EDBFF9 /* AppForHealthUITests */,
			);
		};
/* End PBXProject section */

/* Begin PBXResourcesBuildPhase section */
		0A3CA820293E4F2000EDBFF9 /* Resources */ = {
			isa = PBXResourcesBuildPhase;
			buildActionMask = 2147483647;
			files = (
				0A3CA835293E4F2400EDBFF9 /* LaunchScreen.storyboard in Resources */,
				0A3CA832293E4F2400EDBFF9 /* Assets.xcassets in Resources */,
				0A18562729487397002952B1 /* Vasek.ttf in Resources */,
				0A9F2AC0294A6FBE004662F7 /* GoogleService-Info.plist in Resources */,
			);
			runOnlyForDeploymentPostprocessing = 0;
		};
		0A3CA839293E4F2400EDBFF9 /* Resources */ = {
			isa = PBXResourcesBuildPhase;
			buildActionMask = 2147483647;
			files = (
			);
			runOnlyForDeploymentPostprocessing = 0;
		};
		0A3CA843293E4F2400EDBFF9 /* Resources */ = {
			isa = PBXResourcesBuildPhase;
			buildActionMask = 2147483647;
			files = (
			);
			runOnlyForDeploymentPostprocessing = 0;
		};
/* End PBXResourcesBuildPhase section */

/* Begin PBXShellScriptBuildPhase section */
		76390396DDC4B67BEA81D0C8 /* [CP] Check Pods Manifest.lock */ = {
			isa = PBXShellScriptBuildPhase;
			buildActionMask = 2147483647;
			files = (
			);
			inputFileListPaths = (
			);
			inputPaths = (
				"${PODS_PODFILE_DIR_PATH}/Podfile.lock",
				"${PODS_ROOT}/Manifest.lock",
			);
			name = "[CP] Check Pods Manifest.lock";
			outputFileListPaths = (
			);
			outputPaths = (
				"$(DERIVED_FILE_DIR)/Pods-AppForHealth-AppForHealthUITests-checkManifestLockResult.txt",
			);
			runOnlyForDeploymentPostprocessing = 0;
			shellPath = /bin/sh;
			shellScript = "diff \"${PODS_PODFILE_DIR_PATH}/Podfile.lock\" \"${PODS_ROOT}/Manifest.lock\" > /dev/null\nif [ $? != 0 ] ; then\n    # print error to STDERR\n    echo \"error: The sandbox is not in sync with the Podfile.lock. Run 'pod install' or update your CocoaPods installation.\" >&2\n    exit 1\nfi\n# This output is used by Xcode 'outputs' to avoid re-running this script phase.\necho \"SUCCESS\" > \"${SCRIPT_OUTPUT_FILE_0}\"\n";
			showEnvVarsInLog = 0;
		};
		955C530338F344BCBC91B8EC /* [CP] Embed Pods Frameworks */ = {
			isa = PBXShellScriptBuildPhase;
			buildActionMask = 2147483647;
			files = (
			);
			inputFileListPaths = (
				"${PODS_ROOT}/Target Support Files/Pods-AppForHealth/Pods-AppForHealth-frameworks-${CONFIGURATION}-input-files.xcfilelist",
			);
			name = "[CP] Embed Pods Frameworks";
			outputFileListPaths = (
				"${PODS_ROOT}/Target Support Files/Pods-AppForHealth/Pods-AppForHealth-frameworks-${CONFIGURATION}-output-files.xcfilelist",
			);
			runOnlyForDeploymentPostprocessing = 0;
			shellPath = /bin/sh;
			shellScript = "\"${PODS_ROOT}/Target Support Files/Pods-AppForHealth/Pods-AppForHealth-frameworks.sh\"\n";
			showEnvVarsInLog = 0;
		};
		97D50E03E9B232209F1A2531 /* [CP] Check Pods Manifest.lock */ = {
			isa = PBXShellScriptBuildPhase;
			buildActionMask = 2147483647;
			files = (
			);
			inputFileListPaths = (
			);
			inputPaths = (
				"${PODS_PODFILE_DIR_PATH}/Podfile.lock",
				"${PODS_ROOT}/Manifest.lock",
			);
			name = "[CP] Check Pods Manifest.lock";
			outputFileListPaths = (
			);
			outputPaths = (
				"$(DERIVED_FILE_DIR)/Pods-AppForHealth-checkManifestLockResult.txt",
			);
			runOnlyForDeploymentPostprocessing = 0;
			shellPath = /bin/sh;
			shellScript = "diff \"${PODS_PODFILE_DIR_PATH}/Podfile.lock\" \"${PODS_ROOT}/Manifest.lock\" > /dev/null\nif [ $? != 0 ] ; then\n    # print error to STDERR\n    echo \"error: The sandbox is not in sync with the Podfile.lock. Run 'pod install' or update your CocoaPods installation.\" >&2\n    exit 1\nfi\n# This output is used by Xcode 'outputs' to avoid re-running this script phase.\necho \"SUCCESS\" > \"${SCRIPT_OUTPUT_FILE_0}\"\n";
			showEnvVarsInLog = 0;
		};
		E12820EF0BDDFA9E88EAC70C /* [CP] Embed Pods Frameworks */ = {
			isa = PBXShellScriptBuildPhase;
			buildActionMask = 2147483647;
			files = (
			);
			inputFileListPaths = (
				"${PODS_ROOT}/Target Support Files/Pods-AppForHealth-AppForHealthUITests/Pods-AppForHealth-AppForHealthUITests-frameworks-${CONFIGURATION}-input-files.xcfilelist",
			);
			name = "[CP] Embed Pods Frameworks";
			outputFileListPaths = (
				"${PODS_ROOT}/Target Support Files/Pods-AppForHealth-AppForHealthUITests/Pods-AppForHealth-AppForHealthUITests-frameworks-${CONFIGURATION}-output-files.xcfilelist",
			);
			runOnlyForDeploymentPostprocessing = 0;
			shellPath = /bin/sh;
			shellScript = "\"${PODS_ROOT}/Target Support Files/Pods-AppForHealth-AppForHealthUITests/Pods-AppForHealth-AppForHealthUITests-frameworks.sh\"\n";
			showEnvVarsInLog = 0;
		};
		E5E08DE03BC2672B3F0EF958 /* [CP] Check Pods Manifest.lock */ = {
			isa = PBXShellScriptBuildPhase;
			buildActionMask = 2147483647;
			files = (
			);
			inputFileListPaths = (
			);
			inputPaths = (
				"${PODS_PODFILE_DIR_PATH}/Podfile.lock",
				"${PODS_ROOT}/Manifest.lock",
			);
			name = "[CP] Check Pods Manifest.lock";
			outputFileListPaths = (
			);
			outputPaths = (
				"$(DERIVED_FILE_DIR)/Pods-AppForHealthTests-checkManifestLockResult.txt",
			);
			runOnlyForDeploymentPostprocessing = 0;
			shellPath = /bin/sh;
			shellScript = "diff \"${PODS_PODFILE_DIR_PATH}/Podfile.lock\" \"${PODS_ROOT}/Manifest.lock\" > /dev/null\nif [ $? != 0 ] ; then\n    # print error to STDERR\n    echo \"error: The sandbox is not in sync with the Podfile.lock. Run 'pod install' or update your CocoaPods installation.\" >&2\n    exit 1\nfi\n# This output is used by Xcode 'outputs' to avoid re-running this script phase.\necho \"SUCCESS\" > \"${SCRIPT_OUTPUT_FILE_0}\"\n";
			showEnvVarsInLog = 0;
		};
/* End PBXShellScriptBuildPhase section */

/* Begin PBXSourcesBuildPhase section */
		0A3CA81E293E4F2000EDBFF9 /* Sources */ = {
			isa = PBXSourcesBuildPhase;
			buildActionMask = 2147483647;
			files = (
				0A9F2AB9294A06D4004662F7 /* AuthorizationModuleBuilder.swift in Sources */,
				0A7D6BCB294FE24700E50542 /* ResultVC.swift in Sources */,
				0A7D6BC5294FD98500E50542 /* Person+CoreDataProperties copy.swift in Sources */,
				0AE52FC3294AA8ED00915663 /* MainRouter.swift in Sources */,
				0A9F2AB5294A05C7004662F7 /* AuthorizationRouter.swift in Sources */,
				0AD0614C295BEF0F00B67453 /* RecipesInteractor.swift in Sources */,
				0A9F2AB3294A044C004662F7 /* AuthorizationPresenter.swift in Sources */,
				0AD06146295BED9E00B67453 /* RecipesVC.swift in Sources */,
				0A7D6BBA294E80AE00E50542 /* ParametrsVC.swift in Sources */,
				0A7D6BC6294FD98500E50542 /* Person+CoreDataClass copy.swift in Sources */,
				0AE52FCC294BBF6100915663 /* OnboardVC.swift in Sources */,
				0A7F0BD3296B53C300327875 /* WaterModuleBuilder.swift in Sources */,
				0AE52FC7294AA9A400915663 /* MainModuleBuilder.swift in Sources */,
				0A7F0BCB296B511900327875 /* WaterVC.swift in Sources */,
				0AE52FBF294AA77F00915663 /* MainViewController.swift in Sources */,
				0AD06143295BC6B500B67453 /* ModelOfDataForCollectionView.swift in Sources */,
				0AE52FD4294BC1D900915663 /* OnboardModuleBuilder.swift in Sources */,
				0A7D6BC8294FDC9D00E50542 /* CoreDataManager.swift in Sources */,
				0A7D6BC0294E829800E50542 /* ParametrsInteractor.swift in Sources */,
				0AE52FD2294BC18500915663 /* OnboardInteractor.swift in Sources */,
				0A7D6BD1294FE45700E50542 /* ResultInteractor.swift in Sources */,
				0AD06154295CC86C00B67453 /* Recipes.swift in Sources */,
				0A7D6BD3294FE4B000E50542 /* ResultModuleBuilder.swift in Sources */,
				0AE52FD6294BF5B400915663 /* CustomSpinnerSimple.swift in Sources */,
				0A7D6BB7294E685D00E50542 /* FirebaseService.swift in Sources */,
				0A3CA859293E5C7500EDBFF9 /* SplashScreenPresenter.swift in Sources */,
				0AE52FD0294BC0C800915663 /* OnboardRouter.swift in Sources */,
				0A3CA82A293E4F2000EDBFF9 /* ViewController.swift in Sources */,
				0A7D6BCD294FE2D600E50542 /* ResultPresenter.swift in Sources */,
				0AE52FC1294AA82D00915663 /* MainPresenter.swift in Sources */,
				0AD0613F295BC62C00B67453 /* Helper.swift in Sources */,
				0AC7111A295D2B0D00BD18EA /* HelperForRecipes.swift in Sources */,
				0AE52FC5294AA94100915663 /* MainInteractor.swift in Sources */,
				0A7F0BCF296B52FE00327875 /* WaterRouter.swift in Sources */,
				0AC71118295D274C00BD18EA /* MyCollectionViewCellForRecipes.swift in Sources */,
				0A9F2ABB294A0DA2004662F7 /* SceneDelegate.swift in Sources */,
				0A7F0BCD296B522600327875 /* WaterPresenter.swift in Sources */,
				0A7D6BC2294E82F500E50542 /* ParametrsModuleBuilder.swift in Sources */,
				0A7D6BBE294E821A00E50542 /* ParametrsRouter.swift in Sources */,
				0A9F2AB7294A0638004662F7 /* AuthorizationInteractor.swift in Sources */,
				0A9F2ABE294A6963004662F7 /* ConstrainsOfAuth.swift in Sources */,
				0A3CA826293E4F2000EDBFF9 /* AppDelegate.swift in Sources */,
				0AE52FCE294BBFF700915663 /* OnboardPresenter.swift in Sources */,
				0A7D6BBC294E812300E50542 /* ParametrsPresenter.swift in Sources */,
				0AD06150295CB5CC00B67453 /* ApiManager.swift in Sources */,
				0AD06141295BC67C00B67453 /* MyCollectionViewCell.swift in Sources */,
				0AD06148295BEE1B00B67453 /* RecipesPresenter.swift in Sources */,
				0AC71116295D268900BD18EA /* ModelOfDataForCollectionViewRecipes.swift in Sources */,
				0A3CA85B293E61D900EDBFF9 /* LaunchScreen.swift in Sources */,
				0A3CA830293E4F2000EDBFF9 /* AppForHealth.xcdatamodeld in Sources */,
				0AD0614E295BEF8600B67453 /* RecipesModuleBuilder.swift in Sources */,
				0AD0614A295BEEB400B67453 /* RecipesRouter.swift in Sources */,
				0A7F0BD1296B536300327875 /* WaterInteractor.swift in Sources */,
				0A7D6BCF294FE3CD00E50542 /* ResultRouter.swift in Sources */,
			);
			runOnlyForDeploymentPostprocessing = 0;
		};
		0A3CA837293E4F2400EDBFF9 /* Sources */ = {
			isa = PBXSourcesBuildPhase;
			buildActionMask = 2147483647;
			files = (
				0A3CA840293E4F2400EDBFF9 /* AppForHealthTests.swift in Sources */,
			);
			runOnlyForDeploymentPostprocessing = 0;
		};
		0A3CA841293E4F2400EDBFF9 /* Sources */ = {
			isa = PBXSourcesBuildPhase;
			buildActionMask = 2147483647;
			files = (
				0A3CA84C293E4F2400EDBFF9 /* AppForHealthUITestsLaunchTests.swift in Sources */,
				0A3CA84A293E4F2400EDBFF9 /* AppForHealthUITests.swift in Sources */,
			);
			runOnlyForDeploymentPostprocessing = 0;
		};
/* End PBXSourcesBuildPhase section */

/* Begin PBXTargetDependency section */
		0A3CA83D293E4F2400EDBFF9 /* PBXTargetDependency */ = {
			isa = PBXTargetDependency;
			target = 0A3CA821293E4F2000EDBFF9 /* AppForHealth */;
			targetProxy = 0A3CA83C293E4F2400EDBFF9 /* PBXContainerItemProxy */;
		};
		0A3CA847293E4F2400EDBFF9 /* PBXTargetDependency */ = {
			isa = PBXTargetDependency;
			target = 0A3CA821293E4F2000EDBFF9 /* AppForHealth */;
			targetProxy = 0A3CA846293E4F2400EDBFF9 /* PBXContainerItemProxy */;
		};
/* End PBXTargetDependency section */

/* Begin PBXVariantGroup section */
		0A3CA833293E4F2400EDBFF9 /* LaunchScreen.storyboard */ = {
			isa = PBXVariantGroup;
			children = (
				0A3CA834293E4F2400EDBFF9 /* Base */,
			);
			name = LaunchScreen.storyboard;
			sourceTree = "<group>";
		};
/* End PBXVariantGroup section */

/* Begin XCBuildConfiguration section */
		0A3CA84D293E4F2400EDBFF9 /* Debug */ = {
			isa = XCBuildConfiguration;
			buildSettings = {
				ALWAYS_SEARCH_USER_PATHS = NO;
				CLANG_ANALYZER_NONNULL = YES;
				CLANG_ANALYZER_NUMBER_OBJECT_CONVERSION = YES_AGGRESSIVE;
				CLANG_CXX_LANGUAGE_STANDARD = "gnu++20";
				CLANG_ENABLE_MODULES = YES;
				CLANG_ENABLE_OBJC_ARC = YES;
				CLANG_ENABLE_OBJC_WEAK = YES;
				CLANG_WARN_BLOCK_CAPTURE_AUTORELEASING = YES;
				CLANG_WARN_BOOL_CONVERSION = YES;
				CLANG_WARN_COMMA = YES;
				CLANG_WARN_CONSTANT_CONVERSION = YES;
				CLANG_WARN_DEPRECATED_OBJC_IMPLEMENTATIONS = YES;
				CLANG_WARN_DIRECT_OBJC_ISA_USAGE = YES_ERROR;
				CLANG_WARN_DOCUMENTATION_COMMENTS = YES;
				CLANG_WARN_EMPTY_BODY = YES;
				CLANG_WARN_ENUM_CONVERSION = YES;
				CLANG_WARN_INFINITE_RECURSION = YES;
				CLANG_WARN_INT_CONVERSION = YES;
				CLANG_WARN_NON_LITERAL_NULL_CONVERSION = YES;
				CLANG_WARN_OBJC_IMPLICIT_RETAIN_SELF = YES;
				CLANG_WARN_OBJC_LITERAL_CONVERSION = YES;
				CLANG_WARN_OBJC_ROOT_CLASS = YES_ERROR;
				CLANG_WARN_QUOTED_INCLUDE_IN_FRAMEWORK_HEADER = YES;
				CLANG_WARN_RANGE_LOOP_ANALYSIS = YES;
				CLANG_WARN_STRICT_PROTOTYPES = YES;
				CLANG_WARN_SUSPICIOUS_MOVE = YES;
				CLANG_WARN_UNGUARDED_AVAILABILITY = YES_AGGRESSIVE;
				CLANG_WARN_UNREACHABLE_CODE = YES;
				CLANG_WARN__DUPLICATE_METHOD_MATCH = YES;
				COPY_PHASE_STRIP = NO;
				DEBUG_INFORMATION_FORMAT = dwarf;
				ENABLE_STRICT_OBJC_MSGSEND = YES;
				ENABLE_TESTABILITY = YES;
				GCC_C_LANGUAGE_STANDARD = gnu11;
				GCC_DYNAMIC_NO_PIC = NO;
				GCC_NO_COMMON_BLOCKS = YES;
				GCC_OPTIMIZATION_LEVEL = 0;
				GCC_PREPROCESSOR_DEFINITIONS = (
					"DEBUG=1",
					"$(inherited)",
				);
				GCC_WARN_64_TO_32_BIT_CONVERSION = YES;
				GCC_WARN_ABOUT_RETURN_TYPE = YES_ERROR;
				GCC_WARN_UNDECLARED_SELECTOR = YES;
				GCC_WARN_UNINITIALIZED_AUTOS = YES_AGGRESSIVE;
				GCC_WARN_UNUSED_FUNCTION = YES;
				GCC_WARN_UNUSED_VARIABLE = YES;
				IPHONEOS_DEPLOYMENT_TARGET = 12.0;
				MTL_ENABLE_DEBUG_INFO = INCLUDE_SOURCE;
				MTL_FAST_MATH = YES;
				ONLY_ACTIVE_ARCH = YES;
				SDKROOT = iphoneos;
				SWIFT_ACTIVE_COMPILATION_CONDITIONS = DEBUG;
				SWIFT_OPTIMIZATION_LEVEL = "-Onone";
			};
			name = Debug;
		};
		0A3CA84E293E4F2400EDBFF9 /* Release */ = {
			isa = XCBuildConfiguration;
			buildSettings = {
				ALWAYS_SEARCH_USER_PATHS = NO;
				CLANG_ANALYZER_NONNULL = YES;
				CLANG_ANALYZER_NUMBER_OBJECT_CONVERSION = YES_AGGRESSIVE;
				CLANG_CXX_LANGUAGE_STANDARD = "gnu++20";
				CLANG_ENABLE_MODULES = YES;
				CLANG_ENABLE_OBJC_ARC = YES;
				CLANG_ENABLE_OBJC_WEAK = YES;
				CLANG_WARN_BLOCK_CAPTURE_AUTORELEASING = YES;
				CLANG_WARN_BOOL_CONVERSION = YES;
				CLANG_WARN_COMMA = YES;
				CLANG_WARN_CONSTANT_CONVERSION = YES;
				CLANG_WARN_DEPRECATED_OBJC_IMPLEMENTATIONS = YES;
				CLANG_WARN_DIRECT_OBJC_ISA_USAGE = YES_ERROR;
				CLANG_WARN_DOCUMENTATION_COMMENTS = YES;
				CLANG_WARN_EMPTY_BODY = YES;
				CLANG_WARN_ENUM_CONVERSION = YES;
				CLANG_WARN_INFINITE_RECURSION = YES;
				CLANG_WARN_INT_CONVERSION = YES;
				CLANG_WARN_NON_LITERAL_NULL_CONVERSION = YES;
				CLANG_WARN_OBJC_IMPLICIT_RETAIN_SELF = YES;
				CLANG_WARN_OBJC_LITERAL_CONVERSION = YES;
				CLANG_WARN_OBJC_ROOT_CLASS = YES_ERROR;
				CLANG_WARN_QUOTED_INCLUDE_IN_FRAMEWORK_HEADER = YES;
				CLANG_WARN_RANGE_LOOP_ANALYSIS = YES;
				CLANG_WARN_STRICT_PROTOTYPES = YES;
				CLANG_WARN_SUSPICIOUS_MOVE = YES;
				CLANG_WARN_UNGUARDED_AVAILABILITY = YES_AGGRESSIVE;
				CLANG_WARN_UNREACHABLE_CODE = YES;
				CLANG_WARN__DUPLICATE_METHOD_MATCH = YES;
				COPY_PHASE_STRIP = NO;
				DEBUG_INFORMATION_FORMAT = "dwarf-with-dsym";
				ENABLE_NS_ASSERTIONS = NO;
				ENABLE_STRICT_OBJC_MSGSEND = YES;
				GCC_C_LANGUAGE_STANDARD = gnu11;
				GCC_NO_COMMON_BLOCKS = YES;
				GCC_WARN_64_TO_32_BIT_CONVERSION = YES;
				GCC_WARN_ABOUT_RETURN_TYPE = YES_ERROR;
				GCC_WARN_UNDECLARED_SELECTOR = YES;
				GCC_WARN_UNINITIALIZED_AUTOS = YES_AGGRESSIVE;
				GCC_WARN_UNUSED_FUNCTION = YES;
				GCC_WARN_UNUSED_VARIABLE = YES;
				IPHONEOS_DEPLOYMENT_TARGET = 12.0;
				MTL_ENABLE_DEBUG_INFO = NO;
				MTL_FAST_MATH = YES;
				SDKROOT = iphoneos;
				SWIFT_COMPILATION_MODE = wholemodule;
				SWIFT_OPTIMIZATION_LEVEL = "-O";
				VALIDATE_PRODUCT = YES;
			};
			name = Release;
		};
		0A3CA850293E4F2400EDBFF9 /* Debug */ = {
			isa = XCBuildConfiguration;
			baseConfigurationReference = A02CE76BA4931A2F44913A4F /* Pods-AppForHealth.debug.xcconfig */;
			buildSettings = {
				ASSETCATALOG_COMPILER_APPICON_NAME = AppIcon;
				ASSETCATALOG_COMPILER_GLOBAL_ACCENT_COLOR_NAME = AccentColor;
				CODE_SIGN_STYLE = Automatic;
				CURRENT_PROJECT_VERSION = 1;
				GENERATE_INFOPLIST_FILE = YES;
				INFOPLIST_FILE = AppForHealth/Resources/Info.plist;
				INFOPLIST_KEY_UIApplicationSupportsIndirectInputEvents = YES;
				INFOPLIST_KEY_UILaunchStoryboardName = LaunchScreen;
				INFOPLIST_KEY_UISupportedInterfaceOrientations_iPad = "UIInterfaceOrientationPortrait UIInterfaceOrientationPortraitUpsideDown UIInterfaceOrientationLandscapeLeft UIInterfaceOrientationLandscapeRight";
				INFOPLIST_KEY_UISupportedInterfaceOrientations_iPhone = "UIInterfaceOrientationPortrait UIInterfaceOrientationLandscapeLeft UIInterfaceOrientationLandscapeRight";
				IPHONEOS_DEPLOYMENT_TARGET = 12.0;
				LD_RUNPATH_SEARCH_PATHS = (
					"$(inherited)",
					"@executable_path/Frameworks",
				);
				MARKETING_VERSION = 1.0;
				PRODUCT_BUNDLE_IDENTIFIER = com.AppForHealth.AppForHealth;
				PRODUCT_NAME = "$(TARGET_NAME)";
				SWIFT_EMIT_LOC_STRINGS = YES;
				SWIFT_VERSION = 5.0;
				TARGETED_DEVICE_FAMILY = "1,2";
			};
			name = Debug;
		};
		0A3CA851293E4F2400EDBFF9 /* Release */ = {
			isa = XCBuildConfiguration;
			baseConfigurationReference = A41FAD467BC8544E13110F3E /* Pods-AppForHealth.release.xcconfig */;
			buildSettings = {
				ASSETCATALOG_COMPILER_APPICON_NAME = AppIcon;
				ASSETCATALOG_COMPILER_GLOBAL_ACCENT_COLOR_NAME = AccentColor;
				CODE_SIGN_STYLE = Automatic;
				CURRENT_PROJECT_VERSION = 1;
				GENERATE_INFOPLIST_FILE = YES;
				INFOPLIST_FILE = AppForHealth/Resources/Info.plist;
				INFOPLIST_KEY_UIApplicationSupportsIndirectInputEvents = YES;
				INFOPLIST_KEY_UILaunchStoryboardName = LaunchScreen;
				INFOPLIST_KEY_UISupportedInterfaceOrientations_iPad = "UIInterfaceOrientationPortrait UIInterfaceOrientationPortraitUpsideDown UIInterfaceOrientationLandscapeLeft UIInterfaceOrientationLandscapeRight";
				INFOPLIST_KEY_UISupportedInterfaceOrientations_iPhone = "UIInterfaceOrientationPortrait UIInterfaceOrientationLandscapeLeft UIInterfaceOrientationLandscapeRight";
				IPHONEOS_DEPLOYMENT_TARGET = 12.0;
				LD_RUNPATH_SEARCH_PATHS = (
					"$(inherited)",
					"@executable_path/Frameworks",
				);
				MARKETING_VERSION = 1.0;
				PRODUCT_BUNDLE_IDENTIFIER = com.AppForHealth.AppForHealth;
				PRODUCT_NAME = "$(TARGET_NAME)";
				SWIFT_EMIT_LOC_STRINGS = YES;
				SWIFT_VERSION = 5.0;
				TARGETED_DEVICE_FAMILY = "1,2";
			};
			name = Release;
		};
		0A3CA853293E4F2400EDBFF9 /* Debug */ = {
			isa = XCBuildConfiguration;
			baseConfigurationReference = 1D055843ED750425997FC767 /* Pods-AppForHealthTests.debug.xcconfig */;
			buildSettings = {
				ALWAYS_EMBED_SWIFT_STANDARD_LIBRARIES = YES;
				BUNDLE_LOADER = "$(TEST_HOST)";
				CODE_SIGN_STYLE = Automatic;
				CURRENT_PROJECT_VERSION = 1;
				GENERATE_INFOPLIST_FILE = YES;
				IPHONEOS_DEPLOYMENT_TARGET = 16.1;
				MARKETING_VERSION = 1.0;
				PRODUCT_BUNDLE_IDENTIFIER = com.AppForHealth.AppForHealthTests;
				PRODUCT_NAME = "$(TARGET_NAME)";
				SWIFT_EMIT_LOC_STRINGS = NO;
				SWIFT_VERSION = 5.0;
				TARGETED_DEVICE_FAMILY = "1,2";
				TEST_HOST = "$(BUILT_PRODUCTS_DIR)/AppForHealth.app/$(BUNDLE_EXECUTABLE_FOLDER_PATH)/AppForHealth";
			};
			name = Debug;
		};
		0A3CA854293E4F2400EDBFF9 /* Release */ = {
			isa = XCBuildConfiguration;
			baseConfigurationReference = A37B2CD12A7A4A21200C0A74 /* Pods-AppForHealthTests.release.xcconfig */;
			buildSettings = {
				ALWAYS_EMBED_SWIFT_STANDARD_LIBRARIES = YES;
				BUNDLE_LOADER = "$(TEST_HOST)";
				CODE_SIGN_STYLE = Automatic;
				CURRENT_PROJECT_VERSION = 1;
				GENERATE_INFOPLIST_FILE = YES;
				IPHONEOS_DEPLOYMENT_TARGET = 16.1;
				MARKETING_VERSION = 1.0;
				PRODUCT_BUNDLE_IDENTIFIER = com.AppForHealth.AppForHealthTests;
				PRODUCT_NAME = "$(TARGET_NAME)";
				SWIFT_EMIT_LOC_STRINGS = NO;
				SWIFT_VERSION = 5.0;
				TARGETED_DEVICE_FAMILY = "1,2";
				TEST_HOST = "$(BUILT_PRODUCTS_DIR)/AppForHealth.app/$(BUNDLE_EXECUTABLE_FOLDER_PATH)/AppForHealth";
			};
			name = Release;
		};
		0A3CA856293E4F2400EDBFF9 /* Debug */ = {
			isa = XCBuildConfiguration;
			baseConfigurationReference = DD1D91AF85E98F3A6B8E8992 /* Pods-AppForHealth-AppForHealthUITests.debug.xcconfig */;
			buildSettings = {
				ALWAYS_EMBED_SWIFT_STANDARD_LIBRARIES = YES;
				CODE_SIGN_STYLE = Automatic;
				CURRENT_PROJECT_VERSION = 1;
				GENERATE_INFOPLIST_FILE = YES;
				MARKETING_VERSION = 1.0;
				PRODUCT_BUNDLE_IDENTIFIER = com.AppForHealth.AppForHealthUITests;
				PRODUCT_NAME = "$(TARGET_NAME)";
				SWIFT_EMIT_LOC_STRINGS = NO;
				SWIFT_VERSION = 5.0;
				TARGETED_DEVICE_FAMILY = "1,2";
				TEST_TARGET_NAME = AppForHealth;
			};
			name = Debug;
		};
		0A3CA857293E4F2400EDBFF9 /* Release */ = {
			isa = XCBuildConfiguration;
			baseConfigurationReference = 96254A004F569A0DA488D036 /* Pods-AppForHealth-AppForHealthUITests.release.xcconfig */;
			buildSettings = {
				ALWAYS_EMBED_SWIFT_STANDARD_LIBRARIES = YES;
				CODE_SIGN_STYLE = Automatic;
				CURRENT_PROJECT_VERSION = 1;
				GENERATE_INFOPLIST_FILE = YES;
				MARKETING_VERSION = 1.0;
				PRODUCT_BUNDLE_IDENTIFIER = com.AppForHealth.AppForHealthUITests;
				PRODUCT_NAME = "$(TARGET_NAME)";
				SWIFT_EMIT_LOC_STRINGS = NO;
				SWIFT_VERSION = 5.0;
				TARGETED_DEVICE_FAMILY = "1,2";
				TEST_TARGET_NAME = AppForHealth;
			};
			name = Release;
		};
/* End XCBuildConfiguration section */

/* Begin XCConfigurationList section */
		0A3CA81D293E4F2000EDBFF9 /* Build configuration list for PBXProject "AppForHealth" */ = {
			isa = XCConfigurationList;
			buildConfigurations = (
				0A3CA84D293E4F2400EDBFF9 /* Debug */,
				0A3CA84E293E4F2400EDBFF9 /* Release */,
			);
			defaultConfigurationIsVisible = 0;
			defaultConfigurationName = Release;
		};
		0A3CA84F293E4F2400EDBFF9 /* Build configuration list for PBXNativeTarget "AppForHealth" */ = {
			isa = XCConfigurationList;
			buildConfigurations = (
				0A3CA850293E4F2400EDBFF9 /* Debug */,
				0A3CA851293E4F2400EDBFF9 /* Release */,
			);
			defaultConfigurationIsVisible = 0;
			defaultConfigurationName = Release;
		};
		0A3CA852293E4F2400EDBFF9 /* Build configuration list for PBXNativeTarget "AppForHealthTests" */ = {
			isa = XCConfigurationList;
			buildConfigurations = (
				0A3CA853293E4F2400EDBFF9 /* Debug */,
				0A3CA854293E4F2400EDBFF9 /* Release */,
			);
			defaultConfigurationIsVisible = 0;
			defaultConfigurationName = Release;
		};
		0A3CA855293E4F2400EDBFF9 /* Build configuration list for PBXNativeTarget "AppForHealthUITests" */ = {
			isa = XCConfigurationList;
			buildConfigurations = (
				0A3CA856293E4F2400EDBFF9 /* Debug */,
				0A3CA857293E4F2400EDBFF9 /* Release */,
			);
			defaultConfigurationIsVisible = 0;
			defaultConfigurationName = Release;
		};
/* End XCConfigurationList section */

/* Begin XCVersionGroup section */
		0A3CA82E293E4F2000EDBFF9 /* AppForHealth.xcdatamodeld */ = {
			isa = XCVersionGroup;
			children = (
				0A3CA82F293E4F2000EDBFF9 /* AppForHealth.xcdatamodel */,
			);
			currentVersion = 0A3CA82F293E4F2000EDBFF9 /* AppForHealth.xcdatamodel */;
			path = AppForHealth.xcdatamodeld;
			sourceTree = "<group>";
			versionGroupType = wrapper.xcdatamodel;
		};
/* End XCVersionGroup section */
	};
	rootObject = 0A3CA81A293E4F2000EDBFF9 /* Project object */;
}
